# This file was autogenerated by Stack.
# You should not edit this file by hand.
# For more information, please see the documentation at:
#   https://docs.haskellstack.org/en/stable/lock_files

packages:
- completed:
    name: gf
    pantry-tree:
      sha256: ab1b24b4d2c8f56f19dd8bf6e345c38cc2c7c5243e2c552ff2cb9ad472df7818
      size: 67922
    sha256: 27012d1bf5d626a4446ad04f877255409a4d215494a0901d5510fa7748662d20
    size: 3499717
    url: https://github.com/smucclaw/gf-core/archive/edb55df7b0c4892ba0bac2817b5f493921c20c36.tar.gz
    version: 3.11.1
  original:
    url: https://github.com/smucclaw/gf-core/archive/edb55df7b0c4892ba0bac2817b5f493921c20c36.tar.gz
- completed:
    hackage: cgi-3001.5.0.0@sha256:3d1193a328d5f627a021a0ef3927c1ae41dd341e32dba612fed52d0e3a6df056,2990
    pantry-tree:
      sha256: c6f1c2f201b196b43cd8d0537482796c9fd389b40c4be945ee66348d31f130bf
      size: 993
  original:
    hackage: cgi-3001.5.0.0@sha256:3d1193a328d5f627a021a0ef3927c1ae41dd341e32dba612fed52d0e3a6df056,2990
- completed:
    hackage: multipart-0.2.1@sha256:c96322a5bb34c29738ba82345d071a8e07d752648de3522f1c04d96df955ea0d,1150
    pantry-tree:
      sha256: 935927f27b1406c529a992e99b6ad76669612831d5aef4dae1717c5927263cff
      size: 383
  original:
    hackage: multipart-0.2.1@sha256:c96322a5bb34c29738ba82345d071a8e07d752648de3522f1c04d96df955ea0d,1150
snapshots:
- completed:
    sha256: 5a59b2a405b3aba3c00188453be172b85893cab8ebc352b1ef58b0eae5d248a2
    size: 650475
    url: https://raw.githubusercontent.com/commercialhaskell/stackage-snapshots/master/lts/20/26.yaml
  original: lts-20.26
